{
  "name": "benchmarks",
  "lockfileVersion": 3,
  "requires": true,
  "packages": {
    "": {
      "dependencies": {
        "@tobloef/crockpot": "git+https://git@github.com/tobloef/crockpot.git#v1.0.0"
      }
    },
    "node_modules/@tobloef/crockpot": {
      "version": "1.0.0",
      "resolved": "git+https://git@github.com/tobloef/crockpot.git#0565c034e7fdf0d08c38ca3036879f8685dfd317",
      "license": "MIT",
      "engines": {
        "node": ">=23.0.0"
      }
    }
  }
}
