{
  "name": "benchmarks",
  "lockfileVersion": 3,
  "requires": true,
  "packages": {
    "": {
      "dependencies": {
        "@tobloef/crockpot-local": "file:../dist",
        "@tobloef/crockpot-v1.0.0": "git+https://git@github.com/tobloef/crockpot.git#v1.0.0",
        "@tobloef/crockpot-v1.1.0": "git+https://git@github.com/tobloef/crockpot.git#v1.1.0",
        "@tobloef/crockpot-v1.2.0": "git+https://git@github.com/tobloef/crockpot.git#v1.2.0",
        "seedrandom": "^3.0.5"
      }
    },
    "../build": {
      "extraneous": true
    },
    "../dist": {},
    "node_modules/@tobloef/crockpot-local": {
      "resolved": "../dist",
      "link": true
    },
    "node_modules/@tobloef/crockpot-v1.0.0": {
      "name": "@tobloef/crockpot",
      "version": "1.0.0",
      "resolved": "git+https://git@github.com/tobloef/crockpot.git#3bf90e90415f6baf2875beb5a4c6a125e1c5ed54",
      "license": "MIT",
      "engines": {
        "node": ">=23.0.0"
      }
    },
    "node_modules/@tobloef/crockpot-v1.1.0": {
      "name": "@tobloef/crockpot",
      "version": "1.1.0",
      "resolved": "git+https://git@github.com/tobloef/crockpot.git#d4df34462217975048e384d7553455b0e0242190",
      "license": "MIT",
      "engines": {
        "node": ">=23.0.0"
      }
    },
    "node_modules/@tobloef/crockpot-v1.2.0": {
      "name": "@tobloef/crockpot",
      "version": "1.2.0",
      "resolved": "git+https://git@github.com/tobloef/crockpot.git#97906e318b62d320d71a0ff042f36adaa9ed2f07",
      "license": "MIT",
      "engines": {
        "node": ">=23.0.0"
      }
    },
    "node_modules/seedrandom": {
      "version": "3.0.5",
      "resolved": "https://registry.npmjs.org/seedrandom/-/seedrandom-3.0.5.tgz",
      "integrity": "sha512-8OwmbklUNzwezjGInmZ+2clQmExQPvomqjL7LFqOYqtmuxRgQYqOD3mHaU+MvZn5FLUeVxVfQjwLZW/n/JFuqg==",
      "license": "MIT"
    }
  }
}
